{
  "name": "@datawrapper/app",
  "version": "1.0.0",
  "lockfileVersion": 2,
  "requires": true,
  "packages": {
    "": {
      "name": "@datawrapper/app",
      "version": "1.0.0",
      "license": "ISC",
      "dependencies": {
        "@datawrapper/utils": "file:../../lib/utils"
      }
    },
    "../../lib/utils": {
      "version": "1.0.0",
      "license": "ISC",
      "dependencies": {
        "lodash": "^4.17.21"
      }
    },
    "node_modules/@datawrapper/utils": {
      "resolved": "../../lib/utils",
      "link": true
    }
  },
  "dependencies": {
    "@datawrapper/utils": {
      "version": "file:../../lib/utils",
      "requires": {
        "lodash": "^4.17.21"
      }
    }
  }
}
